
Microsoft Visual Studio Solution File, Format Version 12.00
# Visual Studio Version 17
VisualStudioVersion = 17.2.32616.157
MinimumVisualStudioVersion = 10.0.40219.1
Project("{FAE04EC0-301F-11D3-BF4B-00C04F79EFBC}") = "BankAccount", "BankAccount\BankAccount.csproj", "{2D48890F-669D-4440-ADD4-3BB0C987B490}"
EndProject
Project("{FAE04EC0-301F-11D3-BF4B-00C04F79EFBC}") = "BankAccountTests", "BankAccountTests\BankAccountTests.csproj", "{8459B807-243D-4DE2-905D-809B72586F7B}"
EndProject
Global
	GlobalSection(SolutionConfigurationPlatforms) = preSolution
		Debug|Any CPU = Debug|Any CPU
		Release|Any CPU = Release|Any CPU
	EndGlobalSection
	GlobalSection(ProjectConfigurationPlatforms) = postSolution
		{2D48890F-669D-4440-ADD4-3BB0C987B490}.Debug|Any CPU.ActiveCfg = Debug|Any CPU
		{2D48890F-669D-4440-ADD4-3BB0C987B490}.Debug|Any CPU.Build.0 = Debug|Any CPU
		{2D48890F-669D-4440-ADD4-3BB0C987B490}.Release|Any CPU.ActiveCfg = Release|Any CPU
		{2D48890F-669D-4440-ADD4-3BB0C987B490}.Release|Any CPU.Build.0 = Release|Any CPU
		{8459B807-243D-4DE2-905D-809B72586F7B}.Debug|Any CPU.ActiveCfg = Debug|Any CPU
		{8459B807-243D-4DE2-905D-809B72586F7B}.Debug|Any CPU.Build.0 = Debug|Any CPU
		{8459B807-243D-4DE2-905D-809B72586F7B}.Release|Any CPU.ActiveCfg = Release|Any CPU
		{8459B807-243D-4DE2-905D-809B72586F7B}.Release|Any CPU.Build.0 = Release|Any CPU
	EndGlobalSection
	GlobalSection(SolutionProperties) = preSolution
		HideSolutionNode = FALSE
	EndGlobalSection
	GlobalSection(ExtensibilityGlobals) = postSolution
		SolutionGuid = {FD7D18CD-7F46-4A22-8370-917F88265C89}
	EndGlobalSection
EndGlobal
